{
  "lockfileVersion": 1,
  "configVersion": 0,
  "workspaces": {
    "": {
      "name": "osmosis-pools-collector",
      "dependencies": {
        "@bufbuild/protobuf": "^2.12.1",
        "@connectrpc/connect": "^2.1.2",
        "@connectrpc/connect-node": "^2.1.2",
        "@lambdalisue/connectrpc-grpcreflect": "^0.5.0",
      },
    },
  },
  "packages": {
    "@bufbuild/protobuf": ["@bufbuild/protobuf@2.12.1", "", {}, "sha512-BvAMfS6LrgZiryOAZ4pBYucu4wG/Ei/9o9DZ9akbREnMLbPJiom2i8b9C8IsKErQoiKqVhrerzt3kOT/RrzLHg=="],

    "@connectrpc/connect": ["@connectrpc/connect@2.1.2", "", { "peerDependencies": { "@bufbuild/protobuf": "^2.7.0" } }, "sha512-MXkBijtcX09R10Eb6sFeIetc6w6746eio6xtfuyVOH7oQAacT1X0GzMIQFux6Qy8cq3W/T5qX5Bei8YbFtmRGA=="],

    "@connectrpc/connect-node": ["@connectrpc/connect-node@2.1.2", "", { "peerDependencies": { "@bufbuild/protobuf": "^2.7.0", "@connectrpc/connect": "2.1.2" } }, "sha512-+i/aAOpsI8sIx1mbYp6d99zvxaUSF6t/jP9Ux9maAmjsZPgmIQ3JuIeYi0zJIP9zlCnBlJjkpPosshCgdRuThQ=="],

    "@lambdalisue/connectrpc-grpcreflect": ["@lambdalisue/connectrpc-grpcreflect@0.5.0", "", { "dependencies": { "@bufbuild/protobuf": "^2.10.1", "@connectrpc/connect": "^2.1.1" } }, "sha512-OisIo84Kmv4sTIFSC8v6sFxlj7H22g8uvRScqFz8ZIWEhNdg7rJK60G05EdQo5juNSK0KzG+x31TieikgQotog=="],
  }
}
